
Microsoft Visual Studio Solution File, Format Version 12.00
# Visual Studio Version 17
VisualStudioVersion = 17.13.35913.81 d17.13
MinimumVisualStudioVersion = 10.0.40219.1
Project("{FAE04EC0-301F-11D3-BF4B-00C04F79EFBC}") = "WebApi_net9", "WebApi_net9\WebApi_net9.csproj", "{5B766068-56F2-43B9-990B-B31CDCFCD62E}"
EndProject
Global
	GlobalSection(SolutionConfigurationPlatforms) = preSolution
		Debug|Any CPU = Debug|Any CPU
		Release|Any CPU = Release|Any CPU
	EndGlobalSection
	GlobalSection(ProjectConfigurationPlatforms) = postSolution
		{5B766068-56F2-43B9-990B-B31CDCFCD62E}.Debug|Any CPU.ActiveCfg = Debug|Any CPU
		{5B766068-56F2-43B9-990B-B31CDCFCD62E}.Debug|Any CPU.Build.0 = Debug|Any CPU
		{5B766068-56F2-43B9-990B-B31CDCFCD62E}.Release|Any CPU.ActiveCfg = Release|Any CPU
		{5B766068-56F2-43B9-990B-B31CDCFCD62E}.Release|Any CPU.Build.0 = Release|Any CPU
	EndGlobalSection
	GlobalSection(SolutionProperties) = preSolution
		HideSolutionNode = FALSE
	EndGlobalSection
	GlobalSection(ExtensibilityGlobals) = postSolution
		SolutionGuid = {BD4116DF-8762-42A9-B5C0-518D9BDF9B59}
	EndGlobalSection
EndGlobal
